<?xml version="1.0" encoding="utf-8"?>
<Project ToolsVersion="4.0" xmlns="http://schemas.microsoft.com/developer/msbuild/2003">
  <ItemGroup>
    <Filter Include="Исходные файлы">
      <UniqueIdentifier>{4FC737F1-C7A5-4376-A066-2A32D752A2FF}</UniqueIdentifier>
      <Extensions>cpp;c;cc;cxx;c++;cppm;ixx;def;odl;idl;hpj;bat;asm;asmx</Extensions>
    </Filter>
    <Filter Include="Файлы заголовков">
      <UniqueIdentifier>{93995380-89BD-4b04-88EB-625FBE52EBFB}</UniqueIdentifier>
      <Extensions>h;hh;hpp;hxx;h++;hm;inl;inc;ipp;xsd</Extensions>
    </Filter>
    <Filter Include="Файлы ресурсов">
      <UniqueIdentifier>{67DA6AB6-F800-4c08-8B7A-83BB121AAD01}</UniqueIdentifier>
      <Extensions>rc;ico;cur;bmp;dlg;rc2;rct;bin;rgs;gif;jpg;jpeg;jpe;resx;tiff;tif;png;wav;mfcribbon-ms</Extensions>
    </Filter>
    <Filter Include="SortingAlgorthms">
      <UniqueIdentifier>{c84da465-dba2-49e6-a328-fd05cfbeeb43}</UniqueIdentifier>
    </Filter>
    <Filter Include="IOrderStatAlgorithms">
      <UniqueIdentifier>{3b02a26f-7358-41aa-9563-a9cc1eac40e1}</UniqueIdentifier>
    </Filter>
    <Filter Include="Core">
      <UniqueIdentifier>{0dc8b826-31c1-46bc-9ac7-0815fdc873f3}</UniqueIdentifier>
    </Filter>
  </ItemGroup>
  <ItemGroup>
    <ClCompile Include="BubbleSort.cpp">
      <Filter>SortingAlgorthms</Filter>
    </ClCompile>
    <ClCompile Include="CountingSortNegNum.cpp">
      <Filter>SortingAlgorthms</Filter>
    </ClCompile>
    <ClCompile Include="CountingSortPosNum.cpp">
      <Filter>SortingAlgorthms</Filter>
    </ClCompile>
    <ClCompile Include="MergeSort.cpp">
      <Filter>SortingAlgorthms</Filter>
    </ClCompile>
    <ClCompile Include="OptimizedMergeSort.cpp">
      <Filter>SortingAlgorthms</Filter>
    </ClCompile>
    <ClCompile Include="QuickSort.cpp">
      <Filter>SortingAlgorthms</Filter>
    </ClCompile>
    <ClCompile Include="SedgewickMergeSort.cpp">
      <Filter>SortingAlgorthms</Filter>
    </ClCompile>
    <ClCompile Include="BestNAllInt.cpp">
      <Filter>IOrderStatAlgorithms</Filter>
    </ClCompile>
    <ClCompile Include="BestNElements.cpp">
      <Filter>IOrderStatAlgorithms</Filter>
    </ClCompile>
    <ClCompile Include="BestNRandSelect.cpp">
      <Filter>IOrderStatAlgorithms</Filter>
    </ClCompile>
    <ClCompile Include="BestNstlNth.cpp">
      <Filter>IOrderStatAlgorithms</Filter>
    </ClCompile>
    <ClCompile Include="BestNStlSort.cpp">
      <Filter>IOrderStatAlgorithms</Filter>
    </ClCompile>
    <ClCompile Include="Application.cpp">
      <Filter>Core</Filter>
    </ClCompile>
    <ClCompile Include="Measurement.cpp">
      <Filter>Core</Filter>
    </ClCompile>
    <ClCompile Include="PerformanceTester.cpp">
      <Filter>Core</Filter>
    </ClCompile>
    <ClCompile Include="TestExecutor.cpp">
      <Filter>Core</Filter>
    </ClCompile>
    <ClCompile Include="CountingSortAllInt.cpp">
      <Filter>SortingAlgorthms</Filter>
    </ClCompile>
  </ItemGroup>
  <ItemGroup>
    <ClInclude Include="BubbleSort.h">
      <Filter>SortingAlgorthms</Filter>
    </ClInclude>
    <ClInclude Include="CountingSortNegNum.h">
      <Filter>SortingAlgorthms</Filter>
    </ClInclude>
    <ClInclude Include="CountingSortPosNum.h">
      <Filter>SortingAlgorthms</Filter>
    </ClInclude>
    <ClInclude Include="MergeSort.h">
      <Filter>SortingAlgorthms</Filter>
    </ClInclude>
    <ClInclude Include="OptimizedMergeSort.h">
      <Filter>SortingAlgorthms</Filter>
    </ClInclude>
    <ClInclude Include="QuickSort.h">
      <Filter>SortingAlgorthms</Filter>
    </ClInclude>
    <ClInclude Include="SedgewickMergeSort.h">
      <Filter>SortingAlgorthms</Filter>
    </ClInclude>
    <ClInclude Include="BestNAllInt.h">
      <Filter>IOrderStatAlgorithms</Filter>
    </ClInclude>
    <ClInclude Include="BestNElements.h">
      <Filter>IOrderStatAlgorithms</Filter>
    </ClInclude>
    <ClInclude Include="BestNRandSelect.h">
      <Filter>IOrderStatAlgorithms</Filter>
    </ClInclude>
    <ClInclude Include="BestNstlNth.h">
      <Filter>IOrderStatAlgorithms</Filter>
    </ClInclude>
    <ClInclude Include="BestNStlSort.h">
      <Filter>IOrderStatAlgorithms</Filter>
    </ClInclude>
    <ClInclude Include="Application.h">
      <Filter>Core</Filter>
    </ClInclude>
    <ClInclude Include="IMeasurement.h">
      <Filter>Core</Filter>
    </ClInclude>
    <ClInclude Include="Measurement.h">
      <Filter>Core</Filter>
    </ClInclude>
    <ClInclude Include="TestExecutor.h">
      <Filter>Core</Filter>
    </ClInclude>
    <ClInclude Include="CountingSortAllInt.h">
      <Filter>SortingAlgorthms</Filter>
    </ClInclude>
  </ItemGroup>
</Project>